{
  "nodes": {
    "anyrun": {
      "inputs": {
        "anyrun-provider": "anyrun-provider",
        "flake-parts": "flake-parts",
        "nixpkgs": "nixpkgs",
        "systems": "systems"
      },
      "locked": {
        "lastModified": 1764756094,
        "narHash": "sha256-KEEJLERvo04AsPo/SWHFJUmHaGGOVjUoGwA9e8GVIQQ=",
        "owner": "anyrun-org",
        "repo": "anyrun",
        "rev": "cacdf2e00cf95211bd2c7971c4037b21870bc2c9",
        "type": "github"
      },
      "original": {
        "owner": "anyrun-org",
        "ref": "v25.12.0",
        "repo": "anyrun",
        "type": "github"
      }
    },
    "anyrun-provider": {
      "inputs": {
        "nixpkgs": [
          "anyrun",
          "nixpkgs"
        ]
      },
      "locked": {
        "lastModified": 1764705714,
        "narHash": "sha256-4rN2vWicM6Pn6eTo3Nu7IB5isbkc9u4arNMnY2+S8iM=",
        "owner": "anyrun-org",
        "repo": "anyrun-provider",
        "rev": "88a786e6029733a4c02c2c6b1024f65029b0b9cf",
        "type": "github"
      },
      "original": {
        "owner": "anyrun-org",
        "repo": "anyrun-provider",
        "type": "github"
      }
    },
    "dgop": {
      "inputs": {
        "nixpkgs": [
          "nixpkgs"
        ]
      },
      "locked": {
        "lastModified": 1768276716,
        "narHash": "sha256-qWyEzqoBnRQVPbWpVWdlIrt7tHPZZo2bsdZ80juqK7w=",
        "owner": "AvengeMedia",
        "repo": "dgop",
        "rev": "5a72c65d7df350271f93db6209a51ac5e5b8af69",
        "type": "github"
      },
      "original": {
        "owner": "AvengeMedia",
        "repo": "dgop",
        "type": "github"
      }
    },
    "dms": {
      "inputs": {
        "nixpkgs": [
          "nixpkgs"
        ],
        "quickshell": "quickshell"
      },
      "locked": {
        "lastModified": 1768575133,
        "narHash": "sha256-P//moH3z9r4PXirTzXVsccQINsK5AIlF9RWOBwK3vLc=",
        "owner": "AvengeMedia",
        "repo": "DankMaterialShell",
        "rev": "a7cdb39b0b89b9af86160ad4e847a7d14ea44512",
        "type": "github"
      },
      "original": {
        "owner": "AvengeMedia",
        "ref": "stable",
        "repo": "DankMaterialShell",
        "type": "github"
      }
    },
    "flake-parts": {
      "inputs": {
        "nixpkgs-lib": [
          "anyrun",
          "nixpkgs"
        ]
      },
      "locked": {
        "lastModified": 1763759067,
        "narHash": "sha256-LlLt2Jo/gMNYAwOgdRQBrsRoOz7BPRkzvNaI/fzXi2Q=",
        "owner": "hercules-ci",
        "repo": "flake-parts",
        "rev": "2cccadc7357c0ba201788ae99c4dfa90728ef5e0",
        "type": "github"
      },
      "original": {
        "owner": "hercules-ci",
        "repo": "flake-parts",
        "type": "github"
      }
    },
    "home-manager": {
      "inputs": {
        "nixpkgs": [
          "nixpkgs"
        ]
      },
      "locked": {
        "lastModified": 1768603898,
        "narHash": "sha256-vRV1dWJOCpCal3PRr86wE2WTOMfAhTu6G7bSvOsryUo=",
        "owner": "nix-community",
        "repo": "home-manager",
        "rev": "2a63d0e9d2c72ac4d4150ebb242cf8d86f488c8c",
        "type": "github"
      },
      "original": {
        "owner": "nix-community",
        "ref": "release-25.11",
        "repo": "home-manager",
        "type": "github"
      }
    },
    "niri": {
      "inputs": {
        "nixpkgs": [
          "nixpkgs"
        ],
        "rust-overlay": "rust-overlay"
      },
      "locked": {
        "lastModified": 1768678265,
        "narHash": "sha256-Ub8eed4DsfIDWyg30xEe+8bSxL/z5Af/gCjmvJ0V/Hs=",
        "owner": "YaLTeR",
        "repo": "niri",
        "rev": "d7184a04b904e07113f4623610775ae78d32394c",
        "type": "github"
      },
      "original": {
        "owner": "YaLTeR",
        "repo": "niri",
        "type": "github"
      }
    },
    "nixpkgs": {
      "locked": {
        "lastModified": 1764517877,
        "narHash": "sha256-pp3uT4hHijIC8JUK5MEqeAWmParJrgBVzHLNfJDZxg4=",
        "owner": "NixOS",
        "repo": "nixpkgs",
        "rev": "2d293cbfa5a793b4c50d17c05ef9e385b90edf6c",
        "type": "github"
      },
      "original": {
        "owner": "NixOS",
        "ref": "nixos-unstable",
        "repo": "nixpkgs",
        "type": "github"
      }
    },
    "nixpkgs_2": {
      "locked": {
        "lastModified": 1768685568,
        "narHash": "sha256-Jz9yO6s+YSNAKrOw9mkSsx1D8dEl0iEMliq8Mi8vrqE=",
        "owner": "NixOS",
        "repo": "nixpkgs",
        "rev": "6b7a1bb4fbab6261890df1181cd30ba0387d2ca1",
        "type": "github"
      },
      "original": {
        "owner": "NixOS",
        "ref": "release-25.11",
        "repo": "nixpkgs",
        "type": "github"
      }
    },
    "quickshell": {
      "inputs": {
        "nixpkgs": [
          "dms",
          "nixpkgs"
        ]
      },
      "locked": {
        "lastModified": 1766725085,
        "narHash": "sha256-O2aMFdDUYJazFrlwL7aSIHbUSEm3ADVZjmf41uBJfHs=",
        "ref": "refs/heads/master",
        "rev": "41828c4180fb921df7992a5405f5ff05d2ac2fff",
        "revCount": 715,
        "type": "git",
        "url": "https://git.outfoxxed.me/quickshell/quickshell"
      },
      "original": {
        "rev": "41828c4180fb921df7992a5405f5ff05d2ac2fff",
        "type": "git",
        "url": "https://git.outfoxxed.me/quickshell/quickshell"
      }
    },
    "root": {
      "inputs": {
        "anyrun": "anyrun",
        "dgop": "dgop",
        "dms": "dms",
        "home-manager": "home-manager",
        "niri": "niri",
        "nixpkgs": "nixpkgs_2"
      }
    },
    "rust-overlay": {
      "inputs": {
        "nixpkgs": [
          "niri",
          "nixpkgs"
        ]
      },
      "locked": {
        "lastModified": 1757989933,
        "narHash": "sha256-9cpKYWWPCFhgwQTww8S94rTXgg8Q8ydFv9fXM6I8xQM=",
        "owner": "oxalica",
        "repo": "rust-overlay",
        "rev": "8249aa3442fb9b45e615a35f39eca2fe5510d7c3",
        "type": "github"
      },
      "original": {
        "owner": "oxalica",
        "repo": "rust-overlay",
        "type": "github"
      }
    },
    "systems": {
      "locked": {
        "lastModified": 1689347949,
        "narHash": "sha256-12tWmuL2zgBgZkdoB6qXZsgJEH9LR3oUgpaQq2RbI80=",
        "owner": "nix-systems",
        "repo": "default-linux",
        "rev": "31732fcf5e8fea42e59c2488ad31a0e651500f68",
        "type": "github"
      },
      "original": {
        "owner": "nix-systems",
        "repo": "default-linux",
        "type": "github"
      }
    }
  },
  "root": "root",
  "version": 7
}
